
Microsoft Visual Studio Solution File, Format Version 12.00
# Visual Studio Version 17
VisualStudioVersion = 17.7.34024.191
MinimumVisualStudioVersion = 10.0.40219.1
Project("{FAE04EC0-301F-11D3-BF4B-00C04F79EFBC}") = "baku", "baku\baku.csproj", "{69BF9CFD-CB4C-46B2-9C35-529AF69E8136}"
EndProject
Global
	GlobalSection(SolutionConfigurationPlatforms) = preSolution
		Debug|Any CPU = Debug|Any CPU
		Release|Any CPU = Release|Any CPU
	EndGlobalSection
	GlobalSection(ProjectConfigurationPlatforms) = postSolution
		{69BF9CFD-CB4C-46B2-9C35-529AF69E8136}.Debug|Any CPU.ActiveCfg = Debug|Any CPU
		{69BF9CFD-CB4C-46B2-9C35-529AF69E8136}.Debug|Any CPU.Build.0 = Debug|Any CPU
		{69BF9CFD-CB4C-46B2-9C35-529AF69E8136}.Release|Any CPU.ActiveCfg = Release|Any CPU
		{69BF9CFD-CB4C-46B2-9C35-529AF69E8136}.Release|Any CPU.Build.0 = Release|Any CPU
	EndGlobalSection
	GlobalSection(SolutionProperties) = preSolution
		HideSolutionNode = FALSE
	EndGlobalSection
	GlobalSection(ExtensibilityGlobals) = postSolution
		SolutionGuid = {5414B2AF-E746-430D-9FED-9BDEC1AC7D21}
	EndGlobalSection
EndGlobal
